// !$*UTF8*$!
{
	archiveVersion = 1;
	classes = {
	};
	objectVersion = 56;
	objects = {

/* Begin PBXBuildFile section */
		9321F76B2B94797E009DAE6E /* Song.m in Sources */ = {isa = PBXBuildFile; fileRef = 9321F76A2B94797E009DAE6E /* Song.m */; };
		932BDD352B91C323005EEBBF /* Calculator.m in Sources */ = {isa = PBXBuildFile; fileRef = 932BDD342B91C323005EEBBF /* Calculator.m */; };
		934ECBD62B90633800A5EAE1 /* Square.m in Sources */ = {isa = PBXBuildFile; fileRef = 934ECBD52B90633800A5EAE1 /* Square.m */; };
		939FAA8D2B9ECFF400B50B13 /* Album.m in Sources */ = {isa = PBXBuildFile; fileRef = 939FAA8C2B9ECFF400B50B13 /* Album.m */; };
		93C5E5F92B8F31CC008BC00C /* main.m in Sources */ = {isa = PBXBuildFile; fileRef = 93C5E5F82B8F31CC008BC00C /* main.m */; };
		93C5E6032B8F3C7F008BC00C /* Rectangle.m in Sources */ = {isa = PBXBuildFile; fileRef = 93C5E6022B8F3C7F008BC00C /* Rectangle.m */; };
/* End PBXBuildFile section */

/* Begin PBXCopyFilesBuildPhase section */
		93C5E5F32B8F31CC008BC00C /* CopyFiles */ = {
			isa = PBXCopyFilesBuildPhase;
			buildActionMask = 2147483647;
			dstPath = /usr/share/man/man1/;
			dstSubfolderSpec = 0;
			files = (
			);
			runOnlyForDeploymentPostprocessing = 1;
		};
/* End PBXCopyFilesBuildPhase section */

/* Begin PBXFileReference section */
		9321F7692B94797E009DAE6E /* Song.h */ = {isa = PBXFileReference; lastKnownFileType = sourcecode.c.h; path = Song.h; sourceTree = "<group>"; };
		9321F76A2B94797E009DAE6E /* Song.m */ = {isa = PBXFileReference; lastKnownFileType = sourcecode.c.objc; path = Song.m; sourceTree = "<group>"; };
		932BDD332B91C323005EEBBF /* Calculator.h */ = {isa = PBXFileReference; lastKnownFileType = sourcecode.c.h; path = Calculator.h; sourceTree = "<group>"; };
		932BDD342B91C323005EEBBF /* Calculator.m */ = {isa = PBXFileReference; lastKnownFileType = sourcecode.c.objc; path = Calculator.m; sourceTree = "<group>"; };
		934ECBD42B90633800A5EAE1 /* Square.h */ = {isa = PBXFileReference; lastKnownFileType = sourcecode.c.h; path = Square.h; sourceTree = "<group>"; };
		934ECBD52B90633800A5EAE1 /* Square.m */ = {isa = PBXFileReference; lastKnownFileType = sourcecode.c.objc; path = Square.m; sourceTree = "<group>"; };
		939FAA8B2B9ECFF400B50B13 /* Album.h */ = {isa = PBXFileReference; lastKnownFileType = sourcecode.c.h; path = Album.h; sourceTree = "<group>"; };
		939FAA8C2B9ECFF400B50B13 /* Album.m */ = {isa = PBXFileReference; lastKnownFileType = sourcecode.c.objc; path = Album.m; sourceTree = "<group>"; };
		93C5E5F52B8F31CC008BC00C /* OOP */ = {isa = PBXFileReference; explicitFileType = "compiled.mach-o.executable"; includeInIndex = 0; path = OOP; sourceTree = BUILT_PRODUCTS_DIR; };
		93C5E5F82B8F31CC008BC00C /* main.m */ = {isa = PBXFileReference; lastKnownFileType = sourcecode.c.objc; path = main.m; sourceTree = "<group>"; };
		93C5E6012B8F3C7F008BC00C /* Rectangle.h */ = {isa = PBXFileReference; lastKnownFileType = sourcecode.c.h; path = Rectangle.h; sourceTree = "<group>"; };
		93C5E6022B8F3C7F008BC00C /* Rectangle.m */ = {isa = PBXFileReference; lastKnownFileType = sourcecode.c.objc; path = Rectangle.m; sourceTree = "<group>"; };
/* End PBXFileReference section */

/* Begin PBXFrameworksBuildPhase section */
		93C5E5F22B8F31CC008BC00C /* Frameworks */ = {
			isa = PBXFrameworksBuildPhase;
			buildActionMask = 2147483647;
			files = (
			);
			runOnlyForDeploymentPostprocessing = 0;
		};
/* End PBXFrameworksBuildPhase section */

/* Begin PBXGroup section */
		9321F76C2B9479D2009DAE6E /* Song */ = {
			isa = PBXGroup;
			children = (
				9321F7692B94797E009DAE6E /* Song.h */,
				9321F76A2B94797E009DAE6E /* Song.m */,
			);
			path = Song;
			sourceTree = "<group>";
		};
		932BDD362B91DF90005EEBBF /* Rectangle */ = {
			isa = PBXGroup;
			children = (
				93C5E6012B8F3C7F008BC00C /* Rectangle.h */,
				93C5E6022B8F3C7F008BC00C /* Rectangle.m */,
			);
			path = Rectangle;
			sourceTree = "<group>";
		};
		932BDD372B91DFA8005EEBBF /* Square */ = {
			isa = PBXGroup;
			children = (
				934ECBD42B90633800A5EAE1 /* Square.h */,
				934ECBD52B90633800A5EAE1 /* Square.m */,
			);
			path = Square;
			sourceTree = "<group>";
		};
		932BDD382B91DFE8005EEBBF /* Calculator */ = {
			isa = PBXGroup;
			children = (
				932BDD332B91C323005EEBBF /* Calculator.h */,
				932BDD342B91C323005EEBBF /* Calculator.m */,
			);
			path = Calculator;
			sourceTree = "<group>";
		};
		939FAA8E2B9ED00500B50B13 /* Album */ = {
			isa = PBXGroup;
			children = (
				939FAA8B2B9ECFF400B50B13 /* Album.h */,
				939FAA8C2B9ECFF400B50B13 /* Album.m */,
			);
			path = Album;
			sourceTree = "<group>";
		};
		93C5E5EC2B8F31CC008BC00C = {
			isa = PBXGroup;
			children = (
				93C5E5F72B8F31CC008BC00C /* OOP */,
				93C5E5F62B8F31CC008BC00C /* Products */,
			);
			sourceTree = "<group>";
		};
		93C5E5F62B8F31CC008BC00C /* Products */ = {
			isa = PBXGroup;
			children = (
				93C5E5F52B8F31CC008BC00C /* OOP */,
			);
			name = Products;
			sourceTree = "<group>";
		};
		93C5E5F72B8F31CC008BC00C /* OOP */ = {
			isa = PBXGroup;
			children = (
				93C5E5F82B8F31CC008BC00C /* main.m */,
				932BDD362B91DF90005EEBBF /* Rectangle */,
				932BDD372B91DFA8005EEBBF /* Square */,
				932BDD382B91DFE8005EEBBF /* Calculator */,
				9321F76C2B9479D2009DAE6E /* Song */,
				939FAA8E2B9ED00500B50B13 /* Album */,
			);
			path = OOP;
			sourceTree = "<group>";
		};
/* End PBXGroup section */

/* Begin PBXNativeTarget section */
		93C5E5F42B8F31CC008BC00C /* OOP */ = {
			isa = PBXNativeTarget;
			buildConfigurationList = 93C5E5FC2B8F31CC008BC00C /* Build configuration list for PBXNativeTarget "OOP" */;
			buildPhases = (
				93C5E5F12B8F31CC008BC00C /* Sources */,
				93C5E5F22B8F31CC008BC00C /* Frameworks */,
				93C5E5F32B8F31CC008BC00C /* CopyFiles */,
			);
			buildRules = (
			);
			dependencies = (
			);
			name = OOP;
			productName = OOP;
			productReference = 93C5E5F52B8F31CC008BC00C /* OOP */;
			productType = "com.apple.product-type.tool";
		};
/* End PBXNativeTarget section */

/* Begin PBXProject section */
		93C5E5ED2B8F31CC008BC00C /* Project object */ = {
			isa = PBXProject;
			attributes = {
				BuildIndependentTargetsInParallel = 1;
				LastUpgradeCheck = 1530;
				TargetAttributes = {
					93C5E5F42B8F31CC008BC00C = {
						CreatedOnToolsVersion = 15.2;
					};
				};
			};
			buildConfigurationList = 93C5E5F02B8F31CC008BC00C /* Build configuration list for PBXProject "OOP" */;
			compatibilityVersion = "Xcode 14.0";
			developmentRegion = en;
			hasScannedForEncodings = 0;
			knownRegions = (
				en,
				Base,
			);
			mainGroup = 93C5E5EC2B8F31CC008BC00C;
			productRefGroup = 93C5E5F62B8F31CC008BC00C /* Products */;
			projectDirPath = "";
			projectRoot = "";
			targets = (
				93C5E5F42B8F31CC008BC00C /* OOP */,
			);
		};
/* End PBXProject section */

/* Begin PBXSourcesBuildPhase section */
		93C5E5F12B8F31CC008BC00C /* Sources */ = {
			isa = PBXSourcesBuildPhase;
			buildActionMask = 2147483647;
			files = (
				9321F76B2B94797E009DAE6E /* Song.m in Sources */,
				934ECBD62B90633800A5EAE1 /* Square.m in Sources */,
				932BDD352B91C323005EEBBF /* Calculator.m in Sources */,
				939FAA8D2B9ECFF400B50B13 /* Album.m in Sources */,
				93C5E5F92B8F31CC008BC00C /* main.m in Sources */,
				93C5E6032B8F3C7F008BC00C /* Rectangle.m in Sources */,
			);
			runOnlyForDeploymentPostprocessing = 0;
		};
/* End PBXSourcesBuildPhase section */

/* Begin XCBuildConfiguration section */
		93C5E5FA2B8F31CC008BC00C /* Debug */ = {
			isa = XCBuildConfiguration;
			buildSettings = {
				ALWAYS_SEARCH_USER_PATHS = NO;
				ASSETCATALOG_COMPILER_GENERATE_SWIFT_ASSET_SYMBOL_EXTENSIONS = YES;
				CLANG_ANALYZER_NONNULL = YES;
				CLANG_ANALYZER_NUMBER_OBJECT_CONVERSION = YES_AGGRESSIVE;
				CLANG_CXX_LANGUAGE_STANDARD = "gnu++20";
				CLANG_ENABLE_MODULES = YES;
				CLANG_ENABLE_OBJC_ARC = YES;
				CLANG_ENABLE_OBJC_WEAK = YES;
				CLANG_WARN_BLOCK_CAPTURE_AUTORELEASING = YES;
				CLANG_WARN_BOOL_CONVERSION = YES;
				CLANG_WARN_COMMA = YES;
				CLANG_WARN_CONSTANT_CONVERSION = YES;
				CLANG_WARN_DEPRECATED_OBJC_IMPLEMENTATIONS = YES;
				CLANG_WARN_DIRECT_OBJC_ISA_USAGE = YES_ERROR;
				CLANG_WARN_DOCUMENTATION_COMMENTS = YES;
				CLANG_WARN_EMPTY_BODY = YES;
				CLANG_WARN_ENUM_CONVERSION = YES;
				CLANG_WARN_INFINITE_RECURSION = YES;
				CLANG_WARN_INT_CONVERSION = YES;
				CLANG_WARN_NON_LITERAL_NULL_CONVERSION = YES;
				CLANG_WARN_OBJC_IMPLICIT_RETAIN_SELF = YES;
				CLANG_WARN_OBJC_LITERAL_CONVERSION = YES;
				CLANG_WARN_OBJC_ROOT_CLASS = YES_ERROR;
				CLANG_WARN_QUOTED_INCLUDE_IN_FRAMEWORK_HEADER = YES;
				CLANG_WARN_RANGE_LOOP_ANALYSIS = YES;
				CLANG_WARN_STRICT_PROTOTYPES = YES;
				CLANG_WARN_SUSPICIOUS_MOVE = YES;
				CLANG_WARN_UNGUARDED_AVAILABILITY = YES_AGGRESSIVE;
				CLANG_WARN_UNREACHABLE_CODE = YES;
				CLANG_WARN__DUPLICATE_METHOD_MATCH = YES;
				COPY_PHASE_STRIP = NO;
				DEAD_CODE_STRIPPING = YES;
				DEBUG_INFORMATION_FORMAT = dwarf;
				ENABLE_STRICT_OBJC_MSGSEND = YES;
				ENABLE_TESTABILITY = YES;
				ENABLE_USER_SCRIPT_SANDBOXING = YES;
				GCC_C_LANGUAGE_STANDARD = gnu17;
				GCC_DYNAMIC_NO_PIC = NO;
				GCC_NO_COMMON_BLOCKS = YES;
				GCC_OPTIMIZATION_LEVEL = 0;
				GCC_PREPROCESSOR_DEFINITIONS = (
					"DEBUG=1",
					"$(inherited)",
				);
				GCC_WARN_64_TO_32_BIT_CONVERSION = YES;
				GCC_WARN_ABOUT_RETURN_TYPE = YES_ERROR;
				GCC_WARN_UNDECLARED_SELECTOR = YES;
				GCC_WARN_UNINITIALIZED_AUTOS = YES_AGGRESSIVE;
				GCC_WARN_UNUSED_FUNCTION = YES;
				GCC_WARN_UNUSED_VARIABLE = YES;
				LOCALIZATION_PREFERS_STRING_CATALOGS = YES;
				MACOSX_DEPLOYMENT_TARGET = 14.2;
				MTL_ENABLE_DEBUG_INFO = INCLUDE_SOURCE;
				MTL_FAST_MATH = YES;
				ONLY_ACTIVE_ARCH = YES;
				SDKROOT = macosx;
			};
			name = Debug;
		};
		93C5E5FB2B8F31CC008BC00C /* Release */ = {
			isa = XCBuildConfiguration;
			buildSettings = {
				ALWAYS_SEARCH_USER_PATHS = NO;
				ASSETCATALOG_COMPILER_GENERATE_SWIFT_ASSET_SYMBOL_EXTENSIONS = YES;
				CLANG_ANALYZER_NONNULL = YES;
				CLANG_ANALYZER_NUMBER_OBJECT_CONVERSION = YES_AGGRESSIVE;
				CLANG_CXX_LANGUAGE_STANDARD = "gnu++20";
				CLANG_ENABLE_MODULES = YES;
				CLANG_ENABLE_OBJC_ARC = YES;
				CLANG_ENABLE_OBJC_WEAK = YES;
				CLANG_WARN_BLOCK_CAPTURE_AUTORELEASING = YES;
				CLANG_WARN_BOOL_CONVERSION = YES;
				CLANG_WARN_COMMA = YES;
				CLANG_WARN_CONSTANT_CONVERSION = YES;
				CLANG_WARN_DEPRECATED_OBJC_IMPLEMENTATIONS = YES;
				CLANG_WARN_DIRECT_OBJC_ISA_USAGE = YES_ERROR;
				CLANG_WARN_DOCUMENTATION_COMMENTS = YES;
				CLANG_WARN_EMPTY_BODY = YES;
				CLANG_WARN_ENUM_CONVERSION = YES;
				CLANG_WARN_INFINITE_RECURSION = YES;
				CLANG_WARN_INT_CONVERSION = YES;
				CLANG_WARN_NON_LITERAL_NULL_CONVERSION = YES;
				CLANG_WARN_OBJC_IMPLICIT_RETAIN_SELF = YES;
				CLANG_WARN_OBJC_LITERAL_CONVERSION = YES;
				CLANG_WARN_OBJC_ROOT_CLASS = YES_ERROR;
				CLANG_WARN_QUOTED_INCLUDE_IN_FRAMEWORK_HEADER = YES;
				CLANG_WARN_RANGE_LOOP_ANALYSIS = YES;
				CLANG_WARN_STRICT_PROTOTYPES = YES;
				CLANG_WARN_SUSPICIOUS_MOVE = YES;
				CLANG_WARN_UNGUARDED_AVAILABILITY = YES_AGGRESSIVE;
				CLANG_WARN_UNREACHABLE_CODE = YES;
				CLANG_WARN__DUPLICATE_METHOD_MATCH = YES;
				COPY_PHASE_STRIP = NO;
				DEAD_CODE_STRIPPING = YES;
				DEBUG_INFORMATION_FORMAT = "dwarf-with-dsym";
				ENABLE_NS_ASSERTIONS = NO;
				ENABLE_STRICT_OBJC_MSGSEND = YES;
				ENABLE_USER_SCRIPT_SANDBOXING = YES;
				GCC_C_LANGUAGE_STANDARD = gnu17;
				GCC_NO_COMMON_BLOCKS = YES;
				GCC_WARN_64_TO_32_BIT_CONVERSION = YES;
				GCC_WARN_ABOUT_RETURN_TYPE = YES_ERROR;
				GCC_WARN_UNDECLARED_SELECTOR = YES;
				GCC_WARN_UNINITIALIZED_AUTOS = YES_AGGRESSIVE;
				GCC_WARN_UNUSED_FUNCTION = YES;
				GCC_WARN_UNUSED_VARIABLE = YES;
				LOCALIZATION_PREFERS_STRING_CATALOGS = YES;
				MACOSX_DEPLOYMENT_TARGET = 14.2;
				MTL_ENABLE_DEBUG_INFO = NO;
				MTL_FAST_MATH = YES;
				SDKROOT = macosx;
			};
			name = Release;
		};
		93C5E5FD2B8F31CC008BC00C /* Debug */ = {
			isa = XCBuildConfiguration;
			buildSettings = {
				CODE_SIGN_STYLE = Automatic;
				DEAD_CODE_STRIPPING = YES;
				PRODUCT_NAME = "$(TARGET_NAME)";
			};
			name = Debug;
		};
		93C5E5FE2B8F31CC008BC00C /* Release */ = {
			isa = XCBuildConfiguration;
			buildSettings = {
				CODE_SIGN_STYLE = Automatic;
				DEAD_CODE_STRIPPING = YES;
				PRODUCT_NAME = "$(TARGET_NAME)";
			};
			name = Release;
		};
/* End XCBuildConfiguration section */

/* Begin XCConfigurationList section */
		93C5E5F02B8F31CC008BC00C /* Build configuration list for PBXProject "OOP" */ = {
			isa = XCConfigurationList;
			buildConfigurations = (
				93C5E5FA2B8F31CC008BC00C /* Debug */,
				93C5E5FB2B8F31CC008BC00C /* Release */,
			);
			defaultConfigurationIsVisible = 0;
			defaultConfigurationName = Release;
		};
		93C5E5FC2B8F31CC008BC00C /* Build configuration list for PBXNativeTarget "OOP" */ = {
			isa = XCConfigurationList;
			buildConfigurations = (
				93C5E5FD2B8F31CC008BC00C /* Debug */,
				93C5E5FE2B8F31CC008BC00C /* Release */,
			);
			defaultConfigurationIsVisible = 0;
			defaultConfigurationName = Release;
		};
/* End XCConfigurationList section */
	};
	rootObject = 93C5E5ED2B8F31CC008BC00C /* Project object */;
}
